// !$*UTF8*$!
{
	archiveVersion = 1;
	classes = {
	};
	objectVersion = 46;
	objects = {

/* Begin PBXBuildFile section */
		DBEE2D4B1D81D23E007AA315 /* CreateRecipeVC.swift in Sources */ = {isa = PBXBuildFile; fileRef = DBEE2D4A1D81D23E007AA315 /* CreateRecipeVC.swift */; };
		DBF11F441D80D2EE00EBD493 /* AppDelegate.swift in Sources */ = {isa = PBXBuildFile; fileRef = DBF11F431D80D2EE00EBD493 /* AppDelegate.swift */; };
		DBF11F461D80D2EE00EBD493 /* ViewController.swift in Sources */ = {isa = PBXBuildFile; fileRef = DBF11F451D80D2EE00EBD493 /* ViewController.swift */; };
		DBF11F491D80D2EE00EBD493 /* Main.storyboard in Resources */ = {isa = PBXBuildFile; fileRef = DBF11F471D80D2EE00EBD493 /* Main.storyboard */; };
		DBF11F4C1D80D2EE00EBD493 /* Recipez_Proj.xcdatamodeld in Sources */ = {isa = PBXBuildFile; fileRef = DBF11F4A1D80D2EE00EBD493 /* Recipez_Proj.xcdatamodeld */; };
		DBF11F4E1D80D2EE00EBD493 /* Assets.xcassets in Resources */ = {isa = PBXBuildFile; fileRef = DBF11F4D1D80D2EE00EBD493 /* Assets.xcassets */; };
		DBF11F511D80D2EE00EBD493 /* LaunchScreen.storyboard in Resources */ = {isa = PBXBuildFile; fileRef = DBF11F4F1D80D2EE00EBD493 /* LaunchScreen.storyboard */; };
		DBF11F5D1D80DA0800EBD493 /* Recipe+CoreDataProperties.swift in Sources */ = {isa = PBXBuildFile; fileRef = DBF11F5B1D80DA0800EBD493 /* Recipe+CoreDataProperties.swift */; };
		DBF11F5E1D80DA0800EBD493 /* Recipe.swift in Sources */ = {isa = PBXBuildFile; fileRef = DBF11F5C1D80DA0800EBD493 /* Recipe.swift */; };
		DBF11F621D80DC5900EBD493 /* RecipeCell.swift in Sources */ = {isa = PBXBuildFile; fileRef = DBF11F611D80DC5900EBD493 /* RecipeCell.swift */; };
/* End PBXBuildFile section */

/* Begin PBXFileReference section */
		DBEE2D4A1D81D23E007AA315 /* CreateRecipeVC.swift */ = {isa = PBXFileReference; fileEncoding = 4; lastKnownFileType = sourcecode.swift; path = CreateRecipeVC.swift; sourceTree = "<group>"; };
		DBF11F401D80D2EE00EBD493 /* Recipez_Proj.app */ = {isa = PBXFileReference; explicitFileType = wrapper.application; includeInIndex = 0; path = Recipez_Proj.app; sourceTree = BUILT_PRODUCTS_DIR; };
		DBF11F431D80D2EE00EBD493 /* AppDelegate.swift */ = {isa = PBXFileReference; lastKnownFileType = sourcecode.swift; path = AppDelegate.swift; sourceTree = "<group>"; };
		DBF11F451D80D2EE00EBD493 /* ViewController.swift */ = {isa = PBXFileReference; lastKnownFileType = sourcecode.swift; path = ViewController.swift; sourceTree = "<group>"; };
		DBF11F481D80D2EE00EBD493 /* Base */ = {isa = PBXFileReference; lastKnownFileType = file.storyboard; name = Base; path = Base.lproj/Main.storyboard; sourceTree = "<group>"; };
		DBF11F4B1D80D2EE00EBD493 /* Recipez_Proj.xcdatamodel */ = {isa = PBXFileReference; lastKnownFileType = wrapper.xcdatamodel; path = Recipez_Proj.xcdatamodel; sourceTree = "<group>"; };
		DBF11F4D1D80D2EE00EBD493 /* Assets.xcassets */ = {isa = PBXFileReference; lastKnownFileType = folder.assetcatalog; path = Assets.xcassets; sourceTree = "<group>"; };
		DBF11F501D80D2EE00EBD493 /* Base */ = {isa = PBXFileReference; lastKnownFileType = file.storyboard; name = Base; path = Base.lproj/LaunchScreen.storyboard; sourceTree = "<group>"; };
		DBF11F521D80D2EE00EBD493 /* Info.plist */ = {isa = PBXFileReference; lastKnownFileType = text.plist.xml; path = Info.plist; sourceTree = "<group>"; };
		DBF11F5B1D80DA0800EBD493 /* Recipe+CoreDataProperties.swift */ = {isa = PBXFileReference; fileEncoding = 4; lastKnownFileType = sourcecode.swift; name = "Recipe+CoreDataProperties.swift"; path = "../Recipe+CoreDataProperties.swift"; sourceTree = "<group>"; };
		DBF11F5C1D80DA0800EBD493 /* Recipe.swift */ = {isa = PBXFileReference; fileEncoding = 4; lastKnownFileType = sourcecode.swift; name = Recipe.swift; path = ../Recipe.swift; sourceTree = "<group>"; };
		DBF11F611D80DC5900EBD493 /* RecipeCell.swift */ = {isa = PBXFileReference; fileEncoding = 4; lastKnownFileType = sourcecode.swift; path = RecipeCell.swift; sourceTree = "<group>"; };
/* End PBXFileReference section */

/* Begin PBXFrameworksBuildPhase section */
		DBF11F3D1D80D2EE00EBD493 /* Frameworks */ = {
			isa = PBXFrameworksBuildPhase;
			buildActionMask = 2147483647;
			files = (
			);
			runOnlyForDeploymentPostprocessing = 0;
		};
/* End PBXFrameworksBuildPhase section */

/* Begin PBXGroup section */
		DBF11F371D80D2EE00EBD493 = {
			isa = PBXGroup;
			children = (
				DBF11F421D80D2EE00EBD493 /* Recipez_Proj */,
				DBF11F411D80D2EE00EBD493 /* Products */,
			);
			sourceTree = "<group>";
		};
		DBF11F411D80D2EE00EBD493 /* Products */ = {
			isa = PBXGroup;
			children = (
				DBF11F401D80D2EE00EBD493 /* Recipez_Proj.app */,
			);
			name = Products;
			sourceTree = "<group>";
		};
		DBF11F421D80D2EE00EBD493 /* Recipez_Proj */ = {
			isa = PBXGroup;
			children = (
				DBF11F5A1D80D9C800EBD493 /* Controller */,
				DBF11F591D80D9C300EBD493 /* View */,
				DBF11F581D80D9BD00EBD493 /* Model */,
				DBF11F431D80D2EE00EBD493 /* AppDelegate.swift */,
				DBF11F471D80D2EE00EBD493 /* Main.storyboard */,
				DBF11F4D1D80D2EE00EBD493 /* Assets.xcassets */,
				DBF11F4F1D80D2EE00EBD493 /* LaunchScreen.storyboard */,
				DBF11F521D80D2EE00EBD493 /* Info.plist */,
				DBF11F4A1D80D2EE00EBD493 /* Recipez_Proj.xcdatamodeld */,
			);
			path = Recipez_Proj;
			sourceTree = "<group>";
		};
		DBF11F581D80D9BD00EBD493 /* Model */ = {
			isa = PBXGroup;
			children = (
				DBF11F5B1D80DA0800EBD493 /* Recipe+CoreDataProperties.swift */,
				DBF11F5C1D80DA0800EBD493 /* Recipe.swift */,
			);
			name = Model;
			sourceTree = "<group>";
		};
		DBF11F591D80D9C300EBD493 /* View */ = {
			isa = PBXGroup;
			children = (
				DBF11F611D80DC5900EBD493 /* RecipeCell.swift */,
			);
			name = View;
			sourceTree = "<group>";
		};
		DBF11F5A1D80D9C800EBD493 /* Controller */ = {
			isa = PBXGroup;
			children = (
				DBF11F451D80D2EE00EBD493 /* ViewController.swift */,
				DBEE2D4A1D81D23E007AA315 /* CreateRecipeVC.swift */,
			);
			name = Controller;
			sourceTree = "<group>";
		};
/* End PBXGroup section */

/* Begin PBXNativeTarget section */
		DBF11F3F1D80D2EE00EBD493 /* Recipez_Proj */ = {
			isa = PBXNativeTarget;
			buildConfigurationList = DBF11F551D80D2EE00EBD493 /* Build configuration list for PBXNativeTarget "Recipez_Proj" */;
			buildPhases = (
				DBF11F3C1D80D2EE00EBD493 /* Sources */,
				DBF11F3D1D80D2EE00EBD493 /* Frameworks */,
				DBF11F3E1D80D2EE00EBD493 /* Resources */,
			);
			buildRules = (
			);
			dependencies = (
			);
			name = Recipez_Proj;
			productName = Recipez_Proj;
			productReference = DBF11F401D80D2EE00EBD493 /* Recipez_Proj.app */;
			productType = "com.apple.product-type.application";
		};
/* End PBXNativeTarget section */

/* Begin PBXProject section */
		DBF11F381D80D2EE00EBD493 /* Project object */ = {
			isa = PBXProject;
			attributes = {
				LastSwiftUpdateCheck = 0730;
				LastUpgradeCheck = 0730;
				ORGANIZATIONNAME = DreamDev;
				TargetAttributes = {
					DBF11F3F1D80D2EE00EBD493 = {
						CreatedOnToolsVersion = 7.3.1;
					};
				};
			};
			buildConfigurationList = DBF11F3B1D80D2EE00EBD493 /* Build configuration list for PBXProject "Recipez_Proj" */;
			compatibilityVersion = "Xcode 3.2";
			developmentRegion = English;
			hasScannedForEncodings = 0;
			knownRegions = (
				en,
				Base,
			);
			mainGroup = DBF11F371D80D2EE00EBD493;
			productRefGroup = DBF11F411D80D2EE00EBD493 /* Products */;
			projectDirPath = "";
			projectRoot = "";
			targets = (
				DBF11F3F1D80D2EE00EBD493 /* Recipez_Proj */,
			);
		};
/* End PBXProject section */

/* Begin PBXResourcesBuildPhase section */
		DBF11F3E1D80D2EE00EBD493 /* Resources */ = {
			isa = PBXResourcesBuildPhase;
			buildActionMask = 2147483647;
			files = (
				DBF11F511D80D2EE00EBD493 /* LaunchScreen.storyboard in Resources */,
				DBF11F4E1D80D2EE00EBD493 /* Assets.xcassets in Resources */,
				DBF11F491D80D2EE00EBD493 /* Main.storyboard in Resources */,
			);
			runOnlyForDeploymentPostprocessing = 0;
		};
/* End PBXResourcesBuildPhase section */

/* Begin PBXSourcesBuildPhase section */
		DBF11F3C1D80D2EE00EBD493 /* Sources */ = {
			isa = PBXSourcesBuildPhase;
			buildActionMask = 2147483647;
			files = (
				DBF11F461D80D2EE00EBD493 /* ViewController.swift in Sources */,
				DBF11F5D1D80DA0800EBD493 /* Recipe+CoreDataProperties.swift in Sources */,
				DBF11F441D80D2EE00EBD493 /* AppDelegate.swift in Sources */,
				DBF11F621D80DC5900EBD493 /* RecipeCell.swift in Sources */,
				DBEE2D4B1D81D23E007AA315 /* CreateRecipeVC.swift in Sources */,
				DBF11F4C1D80D2EE00EBD493 /* Recipez_Proj.xcdatamodeld in Sources */,
				DBF11F5E1D80DA0800EBD493 /* Recipe.swift in Sources */,
			);
			runOnlyForDeploymentPostprocessing = 0;
		};
/* End PBXSourcesBuildPhase section */

/* Begin PBXVariantGroup section */
		DBF11F471D80D2EE00EBD493 /* Main.storyboard */ = {
			isa = PBXVariantGroup;
			children = (
				DBF11F481D80D2EE00EBD493 /* Base */,
			);
			name = Main.storyboard;
			sourceTree = "<group>";
		};
		DBF11F4F1D80D2EE00EBD493 /* LaunchScreen.storyboard */ = {
			isa = PBXVariantGroup;
			children = (
				DBF11F501D80D2EE00EBD493 /* Base */,
			);
			name = LaunchScreen.storyboard;
			sourceTree = "<group>";
		};
/* End PBXVariantGroup section */

/* Begin XCBuildConfiguration section */
		DBF11F531D80D2EE00EBD493 /* Debug */ = {
			isa = XCBuildConfiguration;
			buildSettings = {
				ALWAYS_SEARCH_USER_PATHS = NO;
				CLANG_ANALYZER_NONNULL = YES;
				CLANG_CXX_LANGUAGE_STANDARD = "gnu++0x";
				CLANG_CXX_LIBRARY = "libc++";
				CLANG_ENABLE_MODULES = YES;
				CLANG_ENABLE_OBJC_ARC = YES;
				CLANG_WARN_BOOL_CONVERSION = YES;
				CLANG_WARN_CONSTANT_CONVERSION = YES;
				CLANG_WARN_DIRECT_OBJC_ISA_USAGE = YES_ERROR;
				CLANG_WARN_EMPTY_BODY = YES;
				CLANG_WARN_ENUM_CONVERSION = YES;
				CLANG_WARN_INT_CONVERSION = YES;
				CLANG_WARN_OBJC_ROOT_CLASS = YES_ERROR;
				CLANG_WARN_UNREACHABLE_CODE = YES;
				CLANG_WARN__DUPLICATE_METHOD_MATCH = YES;
				"CODE_SIGN_IDENTITY[sdk=iphoneos*]" = "iPhone Developer";
				COPY_PHASE_STRIP = NO;
				DEBUG_INFORMATION_FORMAT = dwarf;
				ENABLE_STRICT_OBJC_MSGSEND = YES;
				ENABLE_TESTABILITY = YES;
				GCC_C_LANGUAGE_STANDARD = gnu99;
				GCC_DYNAMIC_NO_PIC = NO;
				GCC_NO_COMMON_BLOCKS = YES;
				GCC_OPTIMIZATION_LEVEL = 0;
				GCC_PREPROCESSOR_DEFINITIONS = (
					"DEBUG=1",
					"$(inherited)",
				);
				GCC_WARN_64_TO_32_BIT_CONVERSION = YES;
				GCC_WARN_ABOUT_RETURN_TYPE = YES_ERROR;
				GCC_WARN_UNDECLARED_SELECTOR = YES;
				GCC_WARN_UNINITIALIZED_AUTOS = YES_AGGRESSIVE;
				GCC_WARN_UNUSED_FUNCTION = YES;
				GCC_WARN_UNUSED_VARIABLE = YES;
				IPHONEOS_DEPLOYMENT_TARGET = 9.3;
				MTL_ENABLE_DEBUG_INFO = YES;
				ONLY_ACTIVE_ARCH = YES;
				SDKROOT = iphoneos;
				SWIFT_OPTIMIZATION_LEVEL = "-Onone";
				TARGETED_DEVICE_FAMILY = "1,2";
			};
			name = Debug;
		};
		DBF11F541D80D2EE00EBD493 /* Release */ = {
			isa = XCBuildConfiguration;
			buildSettings = {
				ALWAYS_SEARCH_USER_PATHS = NO;
				CLANG_ANALYZER_NONNULL = YES;
				CLANG_CXX_LANGUAGE_STANDARD = "gnu++0x";
				CLANG_CXX_LIBRARY = "libc++";
				CLANG_ENABLE_MODULES = YES;
				CLANG_ENABLE_OBJC_ARC = YES;
				CLANG_WARN_BOOL_CONVERSION = YES;
				CLANG_WARN_CONSTANT_CONVERSION = YES;
				CLANG_WARN_DIRECT_OBJC_ISA_USAGE = YES_ERROR;
				CLANG_WARN_EMPTY_BODY = YES;
				CLANG_WARN_ENUM_CONVERSION = YES;
				CLANG_WARN_INT_CONVERSION = YES;
				CLANG_WARN_OBJC_ROOT_CLASS = YES_ERROR;
				CLANG_WARN_UNREACHABLE_CODE = YES;
				CLANG_WARN__DUPLICATE_METHOD_MATCH = YES;
				"CODE_SIGN_IDENTITY[sdk=iphoneos*]" = "iPhone Developer";
				COPY_PHASE_STRIP = NO;
				DEBUG_INFORMATION_FORMAT = "dwarf-with-dsym";
				ENABLE_NS_ASSERTIONS = NO;
				ENABLE_STRICT_OBJC_MSGSEND = YES;
				GCC_C_LANGUAGE_STANDARD = gnu99;
				GCC_NO_COMMON_BLOCKS = YES;
				GCC_WARN_64_TO_32_BIT_CONVERSION = YES;
				GCC_WARN_ABOUT_RETURN_TYPE = YES_ERROR;
				GCC_WARN_UNDECLARED_SELECTOR = YES;
				GCC_WARN_UNINITIALIZED_AUTOS = YES_AGGRESSIVE;
				GCC_WARN_UNUSED_FUNCTION = YES;
				GCC_WARN_UNUSED_VARIABLE = YES;
				IPHONEOS_DEPLOYMENT_TARGET = 9.3;
				MTL_ENABLE_DEBUG_INFO = NO;
				SDKROOT = iphoneos;
				TARGETED_DEVICE_FAMILY = "1,2";
				VALIDATE_PRODUCT = YES;
			};
			name = Release;
		};
		DBF11F561D80D2EE00EBD493 /* Debug */ = {
			isa = XCBuildConfiguration;
			buildSettings = {
				ASSETCATALOG_COMPILER_APPICON_NAME = AppIcon;
				INFOPLIST_FILE = Recipez_Proj/Info.plist;
				LD_RUNPATH_SEARCH_PATHS = "$(inherited) @executable_path/Frameworks";
				PRODUCT_BUNDLE_IDENTIFIER = "DreamDev.Recipez-Proj";
				PRODUCT_NAME = "$(TARGET_NAME)";
			};
			name = Debug;
		};
		DBF11F571D80D2EE00EBD493 /* Release */ = {
			isa = XCBuildConfiguration;
			buildSettings = {
				ASSETCATALOG_COMPILER_APPICON_NAME = AppIcon;
				INFOPLIST_FILE = Recipez_Proj/Info.plist;
				LD_RUNPATH_SEARCH_PATHS = "$(inherited) @executable_path/Frameworks";
				PRODUCT_BUNDLE_IDENTIFIER = "DreamDev.Recipez-Proj";
				PRODUCT_NAME = "$(TARGET_NAME)";
			};
			name = Release;
		};
/* End XCBuildConfiguration section */

/* Begin XCConfigurationList section */
		DBF11F3B1D80D2EE00EBD493 /* Build configuration list for PBXProject "Recipez_Proj" */ = {
			isa = XCConfigurationList;
			buildConfigurations = (
				DBF11F531D80D2EE00EBD493 /* Debug */,
				DBF11F541D80D2EE00EBD493 /* Release */,
			);
			defaultConfigurationIsVisible = 0;
			defaultConfigurationName = Release;
		};
		DBF11F551D80D2EE00EBD493 /* Build configuration list for PBXNativeTarget "Recipez_Proj" */ = {
			isa = XCConfigurationList;
			buildConfigurations = (
				DBF11F561D80D2EE00EBD493 /* Debug */,
				DBF11F571D80D2EE00EBD493 /* Release */,
			);
			defaultConfigurationIsVisible = 0;
			defaultConfigurationName = Release;
		};
/* End XCConfigurationList section */

/* Begin XCVersionGroup section */
		DBF11F4A1D80D2EE00EBD493 /* Recipez_Proj.xcdatamodeld */ = {
			isa = XCVersionGroup;
			children = (
				DBF11F4B1D80D2EE00EBD493 /* Recipez_Proj.xcdatamodel */,
			);
			currentVersion = DBF11F4B1D80D2EE00EBD493 /* Recipez_Proj.xcdatamodel */;
			path = Recipez_Proj.xcdatamodeld;
			sourceTree = "<group>";
			versionGroupType = wrapper.xcdatamodel;
		};
/* End XCVersionGroup section */
	};
	rootObject = DBF11F381D80D2EE00EBD493 /* Project object */;
}
